
Microsoft Visual Studio Solution File, Format Version 12.00
# Visual Studio Version 17
VisualStudioVersion = 17.14.36221.1 d17.14
MinimumVisualStudioVersion = 10.0.40219.1
Project("{2150E333-8FDC-42A3-9474-1A3956D46DE8}") = "src", "src", "{31D49BAE-4A7F-4E77-9653-0B911ADA8576}"
EndProject
Project("{2150E333-8FDC-42A3-9474-1A3956D46DE8}") = "tests", "tests", "{E0AA490B-6231-46B0-BDC1-A02A75D4CA4D}"
EndProject
Project("{FAE04EC0-301F-11D3-BF4B-00C04F79EFBC}") = "Metagram", "src\Metagram\Metagram.csproj", "{A716D4BC-D673-40EB-BD76-A0BADCBAB9EE}"
EndProject
Project("{2150E333-8FDC-42A3-9474-1A3956D46DE8}") = "dev", "dev", "{36D591C7-65C7-A0D1-1CBC-10CDE441BDC8}"
EndProject
Project("{FAE04EC0-301F-11D3-BF4B-00C04F79EFBC}") = "Metagram.Analyzers", "Metagram.Analyzers\Metagram.Analyzers.csproj", "{BBBD4521-1ABB-4491-A2CC-2FBB03D339EE}"
EndProject
Global
	GlobalSection(SolutionConfigurationPlatforms) = preSolution
		Debug|Any CPU = Debug|Any CPU
		Release|Any CPU = Release|Any CPU
	EndGlobalSection
	GlobalSection(ProjectConfigurationPlatforms) = postSolution
		{A716D4BC-D673-40EB-BD76-A0BADCBAB9EE}.Debug|Any CPU.ActiveCfg = Debug|Any CPU
		{A716D4BC-D673-40EB-BD76-A0BADCBAB9EE}.Debug|Any CPU.Build.0 = Debug|Any CPU
		{A716D4BC-D673-40EB-BD76-A0BADCBAB9EE}.Release|Any CPU.ActiveCfg = Release|Any CPU
		{A716D4BC-D673-40EB-BD76-A0BADCBAB9EE}.Release|Any CPU.Build.0 = Release|Any CPU
		{BBBD4521-1ABB-4491-A2CC-2FBB03D339EE}.Debug|Any CPU.ActiveCfg = Debug|Any CPU
		{BBBD4521-1ABB-4491-A2CC-2FBB03D339EE}.Debug|Any CPU.Build.0 = Debug|Any CPU
		{BBBD4521-1ABB-4491-A2CC-2FBB03D339EE}.Release|Any CPU.ActiveCfg = Release|Any CPU
		{BBBD4521-1ABB-4491-A2CC-2FBB03D339EE}.Release|Any CPU.Build.0 = Release|Any CPU
	EndGlobalSection
	GlobalSection(SolutionProperties) = preSolution
		HideSolutionNode = FALSE
	EndGlobalSection
	GlobalSection(NestedProjects) = preSolution
		{A716D4BC-D673-40EB-BD76-A0BADCBAB9EE} = {31D49BAE-4A7F-4E77-9653-0B911ADA8576}
		{BBBD4521-1ABB-4491-A2CC-2FBB03D339EE} = {36D591C7-65C7-A0D1-1CBC-10CDE441BDC8}
	EndGlobalSection
EndGlobal
